// !$*UTF8*$!
{
	archiveVersion = 1;
	classes = {
	};
	objectVersion = 46;
	objects = {

/* Begin PBXBuildFile section */
		8147F1B51946A52400C98461 /* space.png in Resources */ = {isa = PBXBuildFile; fileRef = 8147F1B41946A52400C98461 /* space.png */; };
		8147F1B71946A99C00C98461 /* monster2.png in Resources */ = {isa = PBXBuildFile; fileRef = 8147F1B61946A99C00C98461 /* monster2.png */; };
		8147F1B91946A9AC00C98461 /* ncBXnMxei.png in Resources */ = {isa = PBXBuildFile; fileRef = 8147F1B81946A9AC00C98461 /* ncBXnMxei.png */; };
		8147F1BB1946A9B700C98461 /* grayBall.png in Resources */ = {isa = PBXBuildFile; fileRef = 8147F1BA1946A9B700C98461 /* grayBall.png */; };
		8147F1BD1946AB2400C98461 /* S1e1_gnome_monster_arms_up.png in Resources */ = {isa = PBXBuildFile; fileRef = 8147F1BC1946AB2400C98461 /* S1e1_gnome_monster_arms_up.png */; };
		8147F1BF1947557200C98461 /* shoeboxes.jpg in Resources */ = {isa = PBXBuildFile; fileRef = 8147F1BE1947557200C98461 /* shoeboxes.jpg */; };
		8147F228194780FA00C98461 /* Accounts.framework in Frameworks */ = {isa = PBXBuildFile; fileRef = 8147F21D194780FA00C98461 /* Accounts.framework */; };
		8147F229194780FA00C98461 /* AudioToolbox.framework in Frameworks */ = {isa = PBXBuildFile; fileRef = 8147F21E194780FA00C98461 /* AudioToolbox.framework */; };
		8147F22A194780FA00C98461 /* CFNetwork.framework in Frameworks */ = {isa = PBXBuildFile; fileRef = 8147F21F194780FA00C98461 /* CFNetwork.framework */; };
		8147F22B194780FA00C98461 /* CoreLocation.framework in Frameworks */ = {isa = PBXBuildFile; fileRef = 8147F220194780FA00C98461 /* CoreLocation.framework */; };
		8147F22C194780FA00C98461 /* libz.dylib in Frameworks */ = {isa = PBXBuildFile; fileRef = 8147F221194780FA00C98461 /* libz.dylib */; };
		8147F22D194780FA00C98461 /* MobileCoreServices.framework in Frameworks */ = {isa = PBXBuildFile; fileRef = 8147F222194780FA00C98461 /* MobileCoreServices.framework */; };
		8147F22E194780FA00C98461 /* QuartzCore.framework in Frameworks */ = {isa = PBXBuildFile; fileRef = 8147F223194780FA00C98461 /* QuartzCore.framework */; };
		8147F22F194780FA00C98461 /* Security.framework in Frameworks */ = {isa = PBXBuildFile; fileRef = 8147F224194780FA00C98461 /* Security.framework */; };
		8147F230194780FA00C98461 /* Social.framework in Frameworks */ = {isa = PBXBuildFile; fileRef = 8147F225194780FA00C98461 /* Social.framework */; };
		8147F231194780FA00C98461 /* StoreKit.framework in Frameworks */ = {isa = PBXBuildFile; fileRef = 8147F226194780FA00C98461 /* StoreKit.framework */; };
		8147F232194780FA00C98461 /* SystemConfiguration.framework in Frameworks */ = {isa = PBXBuildFile; fileRef = 8147F227194780FA00C98461 /* SystemConfiguration.framework */; };
		8150E16219489F2900AD192E /* Parse.framework in Frameworks */ = {isa = PBXBuildFile; fileRef = 8150E16119489F2900AD192E /* Parse.framework */; };
		8150E1681948B27900AD192E /* Photo.m in Sources */ = {isa = PBXBuildFile; fileRef = 8150E1671948B27900AD192E /* Photo.m */; };
		9300929119468E8300D24B05 /* FeedViewController.m in Sources */ = {isa = PBXBuildFile; fileRef = 9300929019468E8300D24B05 /* FeedViewController.m */; };
		9300929419468E9B00D24B05 /* ExploreViewController.m in Sources */ = {isa = PBXBuildFile; fileRef = 9300929319468E9B00D24B05 /* ExploreViewController.m */; };
		9300929719468EAD00D24B05 /* ClosetViewController.m in Sources */ = {isa = PBXBuildFile; fileRef = 9300929619468EAD00D24B05 /* ClosetViewController.m */; };
		9300929A19468F3400D24B05 /* FeedCustomTableViewCell.m in Sources */ = {isa = PBXBuildFile; fileRef = 9300929919468F3400D24B05 /* FeedCustomTableViewCell.m */; };
		9324AEB419479A1F001520FA /* Parse.framework in Frameworks */ = {isa = PBXBuildFile; fileRef = 9324AEB319479A1F001520FA /* Parse.framework */; };
		9354DB00194686DF007D542C /* Foundation.framework in Frameworks */ = {isa = PBXBuildFile; fileRef = 9354DAFF194686DF007D542C /* Foundation.framework */; };
		9354DB02194686DF007D542C /* CoreGraphics.framework in Frameworks */ = {isa = PBXBuildFile; fileRef = 9354DB01194686DF007D542C /* CoreGraphics.framework */; };
		9354DB04194686DF007D542C /* UIKit.framework in Frameworks */ = {isa = PBXBuildFile; fileRef = 9354DB03194686DF007D542C /* UIKit.framework */; };
		9354DB0A194686DF007D542C /* InfoPlist.strings in Resources */ = {isa = PBXBuildFile; fileRef = 9354DB08194686DF007D542C /* InfoPlist.strings */; };
		9354DB0C194686DF007D542C /* main.m in Sources */ = {isa = PBXBuildFile; fileRef = 9354DB0B194686DF007D542C /* main.m */; };
		9354DB10194686DF007D542C /* AppDelegate.m in Sources */ = {isa = PBXBuildFile; fileRef = 9354DB0F194686DF007D542C /* AppDelegate.m */; };
		9354DB13194686DF007D542C /* Main.storyboard in Resources */ = {isa = PBXBuildFile; fileRef = 9354DB11194686DF007D542C /* Main.storyboard */; };
		9354DB18194686DF007D542C /* Images.xcassets in Resources */ = {isa = PBXBuildFile; fileRef = 9354DB17194686DF007D542C /* Images.xcassets */; };
		939EF7E61948F51E00025E92 /* EditPhotoViewController.m in Sources */ = {isa = PBXBuildFile; fileRef = 939EF7E51948F51E00025E92 /* EditPhotoViewController.m */; };
/* End PBXBuildFile section */

/* Begin PBXFileReference section */
		8147F1B41946A52400C98461 /* space.png */ = {isa = PBXFileReference; lastKnownFileType = image.png; path = space.png; sourceTree = "<group>"; };
		8147F1B61946A99C00C98461 /* monster2.png */ = {isa = PBXFileReference; lastKnownFileType = image.png; path = monster2.png; sourceTree = "<group>"; };
		8147F1B81946A9AC00C98461 /* ncBXnMxei.png */ = {isa = PBXFileReference; lastKnownFileType = image.png; path = ncBXnMxei.png; sourceTree = "<group>"; };
		8147F1BA1946A9B700C98461 /* grayBall.png */ = {isa = PBXFileReference; lastKnownFileType = image.png; path = grayBall.png; sourceTree = "<group>"; };
		8147F1BC1946AB2400C98461 /* S1e1_gnome_monster_arms_up.png */ = {isa = PBXFileReference; lastKnownFileType = image.png; path = S1e1_gnome_monster_arms_up.png; sourceTree = "<group>"; };
		8147F1BE1947557200C98461 /* shoeboxes.jpg */ = {isa = PBXFileReference; lastKnownFileType = image.jpeg; path = shoeboxes.jpg; sourceTree = "<group>"; };
		8147F21D194780FA00C98461 /* Accounts.framework */ = {isa = PBXFileReference; lastKnownFileType = wrapper.framework; name = Accounts.framework; path = System/Library/Frameworks/Accounts.framework; sourceTree = SDKROOT; };
		8147F21E194780FA00C98461 /* AudioToolbox.framework */ = {isa = PBXFileReference; lastKnownFileType = wrapper.framework; name = AudioToolbox.framework; path = System/Library/Frameworks/AudioToolbox.framework; sourceTree = SDKROOT; };
		8147F21F194780FA00C98461 /* CFNetwork.framework */ = {isa = PBXFileReference; lastKnownFileType = wrapper.framework; name = CFNetwork.framework; path = System/Library/Frameworks/CFNetwork.framework; sourceTree = SDKROOT; };
		8147F220194780FA00C98461 /* CoreLocation.framework */ = {isa = PBXFileReference; lastKnownFileType = wrapper.framework; name = CoreLocation.framework; path = System/Library/Frameworks/CoreLocation.framework; sourceTree = SDKROOT; };
		8147F221194780FA00C98461 /* libz.dylib */ = {isa = PBXFileReference; lastKnownFileType = "compiled.mach-o.dylib"; name = libz.dylib; path = usr/lib/libz.dylib; sourceTree = SDKROOT; };
		8147F222194780FA00C98461 /* MobileCoreServices.framework */ = {isa = PBXFileReference; lastKnownFileType = wrapper.framework; name = MobileCoreServices.framework; path = System/Library/Frameworks/MobileCoreServices.framework; sourceTree = SDKROOT; };
		8147F223194780FA00C98461 /* QuartzCore.framework */ = {isa = PBXFileReference; lastKnownFileType = wrapper.framework; name = QuartzCore.framework; path = System/Library/Frameworks/QuartzCore.framework; sourceTree = SDKROOT; };
		8147F224194780FA00C98461 /* Security.framework */ = {isa = PBXFileReference; lastKnownFileType = wrapper.framework; name = Security.framework; path = System/Library/Frameworks/Security.framework; sourceTree = SDKROOT; };
		8147F225194780FA00C98461 /* Social.framework */ = {isa = PBXFileReference; lastKnownFileType = wrapper.framework; name = Social.framework; path = System/Library/Frameworks/Social.framework; sourceTree = SDKROOT; };
		8147F226194780FA00C98461 /* StoreKit.framework */ = {isa = PBXFileReference; lastKnownFileType = wrapper.framework; name = StoreKit.framework; path = System/Library/Frameworks/StoreKit.framework; sourceTree = SDKROOT; };
		8147F227194780FA00C98461 /* SystemConfiguration.framework */ = {isa = PBXFileReference; lastKnownFileType = wrapper.framework; name = SystemConfiguration.framework; path = System/Library/Frameworks/SystemConfiguration.framework; sourceTree = SDKROOT; };
		8150E16119489F2900AD192E /* Parse.framework */ = {isa = PBXFileReference; lastKnownFileType = wrapper.framework; path = Parse.framework; sourceTree = "<group>"; };
		8150E1661948B27900AD192E /* Photo.h */ = {isa = PBXFileReference; fileEncoding = 4; lastKnownFileType = sourcecode.c.h; path = Photo.h; sourceTree = "<group>"; };
		8150E1671948B27900AD192E /* Photo.m */ = {isa = PBXFileReference; fileEncoding = 4; lastKnownFileType = sourcecode.c.objc; path = Photo.m; sourceTree = "<group>"; };
		9300928F19468E8300D24B05 /* FeedViewController.h */ = {isa = PBXFileReference; fileEncoding = 4; lastKnownFileType = sourcecode.c.h; path = FeedViewController.h; sourceTree = "<group>"; };
		9300929019468E8300D24B05 /* FeedViewController.m */ = {isa = PBXFileReference; fileEncoding = 4; lastKnownFileType = sourcecode.c.objc; path = FeedViewController.m; sourceTree = "<group>"; };
		9300929219468E9B00D24B05 /* ExploreViewController.h */ = {isa = PBXFileReference; fileEncoding = 4; lastKnownFileType = sourcecode.c.h; path = ExploreViewController.h; sourceTree = "<group>"; };
		9300929319468E9B00D24B05 /* ExploreViewController.m */ = {isa = PBXFileReference; fileEncoding = 4; lastKnownFileType = sourcecode.c.objc; path = ExploreViewController.m; sourceTree = "<group>"; };
		9300929519468EAD00D24B05 /* ClosetViewController.h */ = {isa = PBXFileReference; fileEncoding = 4; lastKnownFileType = sourcecode.c.h; path = ClosetViewController.h; sourceTree = "<group>"; };
		9300929619468EAD00D24B05 /* ClosetViewController.m */ = {isa = PBXFileReference; fileEncoding = 4; lastKnownFileType = sourcecode.c.objc; path = ClosetViewController.m; sourceTree = "<group>"; };
		9300929819468F3400D24B05 /* FeedCustomTableViewCell.h */ = {isa = PBXFileReference; fileEncoding = 4; lastKnownFileType = sourcecode.c.h; path = FeedCustomTableViewCell.h; sourceTree = "<group>"; };
		9300929919468F3400D24B05 /* FeedCustomTableViewCell.m */ = {isa = PBXFileReference; fileEncoding = 4; lastKnownFileType = sourcecode.c.objc; path = FeedCustomTableViewCell.m; sourceTree = "<group>"; };
		9324AEB319479A1F001520FA /* Parse.framework */ = {isa = PBXFileReference; lastKnownFileType = wrapper.framework; name = Parse.framework; path = ../Parse.framework; sourceTree = "<group>"; };
		9354DAFC194686DF007D542C /* Coppd.app */ = {isa = PBXFileReference; explicitFileType = wrapper.application; includeInIndex = 0; path = Coppd.app; sourceTree = BUILT_PRODUCTS_DIR; };
		9354DAFF194686DF007D542C /* Foundation.framework */ = {isa = PBXFileReference; lastKnownFileType = wrapper.framework; name = Foundation.framework; path = System/Library/Frameworks/Foundation.framework; sourceTree = SDKROOT; };
		9354DB01194686DF007D542C /* CoreGraphics.framework */ = {isa = PBXFileReference; lastKnownFileType = wrapper.framework; name = CoreGraphics.framework; path = System/Library/Frameworks/CoreGraphics.framework; sourceTree = SDKROOT; };
		9354DB03194686DF007D542C /* UIKit.framework */ = {isa = PBXFileReference; lastKnownFileType = wrapper.framework; name = UIKit.framework; path = System/Library/Frameworks/UIKit.framework; sourceTree = SDKROOT; };
		9354DB07194686DF007D542C /* Coppd-Info.plist */ = {isa = PBXFileReference; lastKnownFileType = text.plist.xml; path = "Coppd-Info.plist"; sourceTree = "<group>"; };
		9354DB09194686DF007D542C /* en */ = {isa = PBXFileReference; lastKnownFileType = text.plist.strings; name = en; path = en.lproj/InfoPlist.strings; sourceTree = "<group>"; };
		9354DB0B194686DF007D542C /* main.m */ = {isa = PBXFileReference; lastKnownFileType = sourcecode.c.objc; path = main.m; sourceTree = "<group>"; };
		9354DB0D194686DF007D542C /* Coppd-Prefix.pch */ = {isa = PBXFileReference; lastKnownFileType = sourcecode.c.h; path = "Coppd-Prefix.pch"; sourceTree = "<group>"; };
		9354DB0E194686DF007D542C /* AppDelegate.h */ = {isa = PBXFileReference; lastKnownFileType = sourcecode.c.h; path = AppDelegate.h; sourceTree = "<group>"; };
		9354DB0F194686DF007D542C /* AppDelegate.m */ = {isa = PBXFileReference; lastKnownFileType = sourcecode.c.objc; path = AppDelegate.m; sourceTree = "<group>"; };
		9354DB12194686DF007D542C /* Base */ = {isa = PBXFileReference; lastKnownFileType = file.storyboard; name = Base; path = Base.lproj/Main.storyboard; sourceTree = "<group>"; };
		9354DB17194686DF007D542C /* Images.xcassets */ = {isa = PBXFileReference; lastKnownFileType = folder.assetcatalog; path = Images.xcassets; sourceTree = "<group>"; };
		9354DB1E194686DF007D542C /* XCTest.framework */ = {isa = PBXFileReference; lastKnownFileType = wrapper.framework; name = XCTest.framework; path = Library/Frameworks/XCTest.framework; sourceTree = DEVELOPER_DIR; };
		9354DB26194686DF007D542C /* CoppdTests-Info.plist */ = {isa = PBXFileReference; lastKnownFileType = text.plist.xml; path = "CoppdTests-Info.plist"; sourceTree = "<group>"; };
		9354DB28194686DF007D542C /* en */ = {isa = PBXFileReference; lastKnownFileType = text.plist.strings; name = en; path = en.lproj/InfoPlist.strings; sourceTree = "<group>"; };
		9354DB2A194686DF007D542C /* CoppdTests.m */ = {isa = PBXFileReference; lastKnownFileType = sourcecode.c.objc; path = CoppdTests.m; sourceTree = "<group>"; };
		939EF7E41948F51E00025E92 /* EditPhotoViewController.h */ = {isa = PBXFileReference; fileEncoding = 4; lastKnownFileType = sourcecode.c.h; path = EditPhotoViewController.h; sourceTree = "<group>"; };
		939EF7E51948F51E00025E92 /* EditPhotoViewController.m */ = {isa = PBXFileReference; fileEncoding = 4; lastKnownFileType = sourcecode.c.objc; path = EditPhotoViewController.m; sourceTree = "<group>"; };
/* End PBXFileReference section */

/* Begin PBXFrameworksBuildPhase section */
		9354DAF9194686DF007D542C /* Frameworks */ = {
			isa = PBXFrameworksBuildPhase;
			buildActionMask = 2147483647;
			files = (
				8147F228194780FA00C98461 /* Accounts.framework in Frameworks */,
				8147F229194780FA00C98461 /* AudioToolbox.framework in Frameworks */,
				8147F22A194780FA00C98461 /* CFNetwork.framework in Frameworks */,
				8147F22B194780FA00C98461 /* CoreLocation.framework in Frameworks */,
				8147F22C194780FA00C98461 /* libz.dylib in Frameworks */,
				8147F22D194780FA00C98461 /* MobileCoreServices.framework in Frameworks */,
				8150E16219489F2900AD192E /* Parse.framework in Frameworks */,
				9324AEB419479A1F001520FA /* Parse.framework in Frameworks */,
				8147F22E194780FA00C98461 /* QuartzCore.framework in Frameworks */,
				8147F22F194780FA00C98461 /* Security.framework in Frameworks */,
				8147F230194780FA00C98461 /* Social.framework in Frameworks */,
				8147F231194780FA00C98461 /* StoreKit.framework in Frameworks */,
				8147F232194780FA00C98461 /* SystemConfiguration.framework in Frameworks */,
				9354DB02194686DF007D542C /* CoreGraphics.framework in Frameworks */,
				9354DB04194686DF007D542C /* UIKit.framework in Frameworks */,
				9354DB00194686DF007D542C /* Foundation.framework in Frameworks */,
			);
			runOnlyForDeploymentPostprocessing = 0;
		};
/* End PBXFrameworksBuildPhase section */

/* Begin PBXGroup section */
		9354DAF3194686DF007D542C = {
			isa = PBXGroup;
			children = (
				8150E1661948B27900AD192E /* Photo.h */,
				8150E1671948B27900AD192E /* Photo.m */,
				9354DB05194686DF007D542C /* Coppd */,
				9354DB24194686DF007D542C /* CoppdTests */,
				9354DAFE194686DF007D542C /* Frameworks */,
				9354DAFD194686DF007D542C /* Products */,
				8147F1B41946A52400C98461 /* space.png */,
				8147F1B61946A99C00C98461 /* monster2.png */,
				8147F1B81946A9AC00C98461 /* ncBXnMxei.png */,
				8147F1BA1946A9B700C98461 /* grayBall.png */,
				8147F1BC1946AB2400C98461 /* S1e1_gnome_monster_arms_up.png */,
				8147F1BE1947557200C98461 /* shoeboxes.jpg */,
			);
			sourceTree = "<group>";
		};
		9354DAFD194686DF007D542C /* Products */ = {
			isa = PBXGroup;
			children = (
				9354DAFC194686DF007D542C /* Coppd.app */,
			);
			name = Products;
			sourceTree = "<group>";
		};
		9354DAFE194686DF007D542C /* Frameworks */ = {
			isa = PBXGroup;
			children = (
				8150E16119489F2900AD192E /* Parse.framework */,
				9324AEB319479A1F001520FA /* Parse.framework */,
				8147F21D194780FA00C98461 /* Accounts.framework */,
				8147F21E194780FA00C98461 /* AudioToolbox.framework */,
				8147F21F194780FA00C98461 /* CFNetwork.framework */,
				8147F220194780FA00C98461 /* CoreLocation.framework */,
				8147F221194780FA00C98461 /* libz.dylib */,
				8147F222194780FA00C98461 /* MobileCoreServices.framework */,
				8147F223194780FA00C98461 /* QuartzCore.framework */,
				8147F224194780FA00C98461 /* Security.framework */,
				8147F225194780FA00C98461 /* Social.framework */,
				8147F226194780FA00C98461 /* StoreKit.framework */,
				8147F227194780FA00C98461 /* SystemConfiguration.framework */,
				9354DAFF194686DF007D542C /* Foundation.framework */,
				9354DB01194686DF007D542C /* CoreGraphics.framework */,
				9354DB03194686DF007D542C /* UIKit.framework */,
				9354DB1E194686DF007D542C /* XCTest.framework */,
			);
			name = Frameworks;
			sourceTree = "<group>";
		};
		9354DB05194686DF007D542C /* Coppd */ = {
			isa = PBXGroup;
			children = (
				9354DB0E194686DF007D542C /* AppDelegate.h */,
				9354DB0F194686DF007D542C /* AppDelegate.m */,
				9354DB11194686DF007D542C /* Main.storyboard */,
				939EF7E41948F51E00025E92 /* EditPhotoViewController.h */,
				939EF7E51948F51E00025E92 /* EditPhotoViewController.m */,
				9300929819468F3400D24B05 /* FeedCustomTableViewCell.h */,
				9300929919468F3400D24B05 /* FeedCustomTableViewCell.m */,
				9300929519468EAD00D24B05 /* ClosetViewController.h */,
				9300929619468EAD00D24B05 /* ClosetViewController.m */,
				9300929219468E9B00D24B05 /* ExploreViewController.h */,
				9300929319468E9B00D24B05 /* ExploreViewController.m */,
				9300928F19468E8300D24B05 /* FeedViewController.h */,
				9300929019468E8300D24B05 /* FeedViewController.m */,
				9354DB17194686DF007D542C /* Images.xcassets */,
				9354DB06194686DF007D542C /* Supporting Files */,
			);
			path = Coppd;
			sourceTree = "<group>";
		};
		9354DB06194686DF007D542C /* Supporting Files */ = {
			isa = PBXGroup;
			children = (
				9354DB07194686DF007D542C /* Coppd-Info.plist */,
				9354DB08194686DF007D542C /* InfoPlist.strings */,
				9354DB0B194686DF007D542C /* main.m */,
				9354DB0D194686DF007D542C /* Coppd-Prefix.pch */,
			);
			name = "Supporting Files";
			sourceTree = "<group>";
		};
		9354DB24194686DF007D542C /* CoppdTests */ = {
			isa = PBXGroup;
			children = (
				9354DB2A194686DF007D542C /* CoppdTests.m */,
				9354DB25194686DF007D542C /* Supporting Files */,
			);
			path = CoppdTests;
			sourceTree = "<group>";
		};
		9354DB25194686DF007D542C /* Supporting Files */ = {
			isa = PBXGroup;
			children = (
				9354DB26194686DF007D542C /* CoppdTests-Info.plist */,
				9354DB27194686DF007D542C /* InfoPlist.strings */,
			);
			name = "Supporting Files";
			sourceTree = "<group>";
		};
/* End PBXGroup section */

/* Begin PBXNativeTarget section */
		9354DAFB194686DF007D542C /* Coppd */ = {
			isa = PBXNativeTarget;
			buildConfigurationList = 9354DB2E194686DF007D542C /* Build configuration list for PBXNativeTarget "Coppd" */;
			buildPhases = (
				9354DAF8194686DF007D542C /* Sources */,
				9354DAF9194686DF007D542C /* Frameworks */,
				9354DAFA194686DF007D542C /* Resources */,
			);
			buildRules = (
			);
			dependencies = (
			);
			name = Coppd;
			productName = Coppd;
			productReference = 9354DAFC194686DF007D542C /* Coppd.app */;
			productType = "com.apple.product-type.application";
		};
/* End PBXNativeTarget section */

/* Begin PBXProject section */
		9354DAF4194686DF007D542C /* Project object */ = {
			isa = PBXProject;
			attributes = {
				LastUpgradeCheck = 0510;
				ORGANIZATIONNAME = "Aaron & Vik";
			};
			buildConfigurationList = 9354DAF7194686DF007D542C /* Build configuration list for PBXProject "Coppd" */;
			compatibilityVersion = "Xcode 3.2";
			developmentRegion = English;
			hasScannedForEncodings = 0;
			knownRegions = (
				en,
				Base,
			);
			mainGroup = 9354DAF3194686DF007D542C;
			productRefGroup = 9354DAFD194686DF007D542C /* Products */;
			projectDirPath = "";
			projectRoot = "";
			targets = (
				9354DAFB194686DF007D542C /* Coppd */,
			);
		};
/* End PBXProject section */

/* Begin PBXResourcesBuildPhase section */
		9354DAFA194686DF007D542C /* Resources */ = {
			isa = PBXResourcesBuildPhase;
			buildActionMask = 2147483647;
			files = (
				8147F1B91946A9AC00C98461 /* ncBXnMxei.png in Resources */,
				8147F1B51946A52400C98461 /* space.png in Resources */,
				9354DB18194686DF007D542C /* Images.xcassets in Resources */,
				8147F1BF1947557200C98461 /* shoeboxes.jpg in Resources */,
				8147F1BB1946A9B700C98461 /* grayBall.png in Resources */,
				8147F1B71946A99C00C98461 /* monster2.png in Resources */,
				8147F1BD1946AB2400C98461 /* S1e1_gnome_monster_arms_up.png in Resources */,
				9354DB0A194686DF007D542C /* InfoPlist.strings in Resources */,
				9354DB13194686DF007D542C /* Main.storyboard in Resources */,
			);
			runOnlyForDeploymentPostprocessing = 0;
		};
/* End PBXResourcesBuildPhase section */

/* Begin PBXSourcesBuildPhase section */
		9354DAF8194686DF007D542C /* Sources */ = {
			isa = PBXSourcesBuildPhase;
			buildActionMask = 2147483647;
			files = (
				8150E1681948B27900AD192E /* Photo.m in Sources */,
				9300929419468E9B00D24B05 /* ExploreViewController.m in Sources */,
				9300929719468EAD00D24B05 /* ClosetViewController.m in Sources */,
				939EF7E61948F51E00025E92 /* EditPhotoViewController.m in Sources */,
				9300929119468E8300D24B05 /* FeedViewController.m in Sources */,
				9354DB10194686DF007D542C /* AppDelegate.m in Sources */,
				9300929A19468F3400D24B05 /* FeedCustomTableViewCell.m in Sources */,
				9354DB0C194686DF007D542C /* main.m in Sources */,
			);
			runOnlyForDeploymentPostprocessing = 0;
		};
/* End PBXSourcesBuildPhase section */

/* Begin PBXVariantGroup section */
		9354DB08194686DF007D542C /* InfoPlist.strings */ = {
			isa = PBXVariantGroup;
			children = (
				9354DB09194686DF007D542C /* en */,
			);
			name = InfoPlist.strings;
			sourceTree = "<group>";
		};
		9354DB11194686DF007D542C /* Main.storyboard */ = {
			isa = PBXVariantGroup;
			children = (
				9354DB12194686DF007D542C /* Base */,
			);
			name = Main.storyboard;
			sourceTree = "<group>";
		};
		9354DB27194686DF007D542C /* InfoPlist.strings */ = {
			isa = PBXVariantGroup;
			children = (
				9354DB28194686DF007D542C /* en */,
			);
			name = InfoPlist.strings;
			sourceTree = "<group>";
		};
/* End PBXVariantGroup section */

/* Begin XCBuildConfiguration section */
		9354DB2C194686DF007D542C /* Debug */ = {
			isa = XCBuildConfiguration;
			buildSettings = {
				ALWAYS_SEARCH_USER_PATHS = NO;
				CLANG_CXX_LANGUAGE_STANDARD = "gnu++0x";
				CLANG_CXX_LIBRARY = "libc++";
				CLANG_ENABLE_MODULES = YES;
				CLANG_ENABLE_OBJC_ARC = YES;
				CLANG_WARN_BOOL_CONVERSION = YES;
				CLANG_WARN_CONSTANT_CONVERSION = YES;
				CLANG_WARN_DIRECT_OBJC_ISA_USAGE = YES_ERROR;
				CLANG_WARN_EMPTY_BODY = YES;
				CLANG_WARN_ENUM_CONVERSION = YES;
				CLANG_WARN_INT_CONVERSION = YES;
				CLANG_WARN_OBJC_ROOT_CLASS = YES_ERROR;
				CLANG_WARN__DUPLICATE_METHOD_MATCH = YES;
				"CODE_SIGN_IDENTITY[sdk=iphoneos*]" = "iPhone Developer";
				COPY_PHASE_STRIP = NO;
				GCC_C_LANGUAGE_STANDARD = gnu99;
				GCC_DYNAMIC_NO_PIC = NO;
				GCC_OPTIMIZATION_LEVEL = 0;
				GCC_PREPROCESSOR_DEFINITIONS = (
					"DEBUG=1",
					"$(inherited)",
				);
				GCC_SYMBOLS_PRIVATE_EXTERN = NO;
				GCC_WARN_64_TO_32_BIT_CONVERSION = YES;
				GCC_WARN_ABOUT_RETURN_TYPE = YES_ERROR;
				GCC_WARN_UNDECLARED_SELECTOR = YES;
				GCC_WARN_UNINITIALIZED_AUTOS = YES_AGGRESSIVE;
				GCC_WARN_UNUSED_FUNCTION = YES;
				GCC_WARN_UNUSED_VARIABLE = YES;
				IPHONEOS_DEPLOYMENT_TARGET = 7.1;
				ONLY_ACTIVE_ARCH = YES;
				SDKROOT = iphoneos;
			};
			name = Debug;
		};
		9354DB2D194686DF007D542C /* Release */ = {
			isa = XCBuildConfiguration;
			buildSettings = {
				ALWAYS_SEARCH_USER_PATHS = NO;
				CLANG_CXX_LANGUAGE_STANDARD = "gnu++0x";
				CLANG_CXX_LIBRARY = "libc++";
				CLANG_ENABLE_MODULES = YES;
				CLANG_ENABLE_OBJC_ARC = YES;
				CLANG_WARN_BOOL_CONVERSION = YES;
				CLANG_WARN_CONSTANT_CONVERSION = YES;
				CLANG_WARN_DIRECT_OBJC_ISA_USAGE = YES_ERROR;
				CLANG_WARN_EMPTY_BODY = YES;
				CLANG_WARN_ENUM_CONVERSION = YES;
				CLANG_WARN_INT_CONVERSION = YES;
				CLANG_WARN_OBJC_ROOT_CLASS = YES_ERROR;
				CLANG_WARN__DUPLICATE_METHOD_MATCH = YES;
				"CODE_SIGN_IDENTITY[sdk=iphoneos*]" = "iPhone Developer";
				COPY_PHASE_STRIP = YES;
				ENABLE_NS_ASSERTIONS = NO;
				GCC_C_LANGUAGE_STANDARD = gnu99;
				GCC_WARN_64_TO_32_BIT_CONVERSION = YES;
				GCC_WARN_ABOUT_RETURN_TYPE = YES_ERROR;
				GCC_WARN_UNDECLARED_SELECTOR = YES;
				GCC_WARN_UNINITIALIZED_AUTOS = YES_AGGRESSIVE;
				GCC_WARN_UNUSED_FUNCTION = YES;
				GCC_WARN_UNUSED_VARIABLE = YES;
				IPHONEOS_DEPLOYMENT_TARGET = 7.1;
				SDKROOT = iphoneos;
				VALIDATE_PRODUCT = YES;
			};
			name = Release;
		};
		9354DB2F194686DF007D542C /* Debug */ = {
			isa = XCBuildConfiguration;
			buildSettings = {
				ASSETCATALOG_COMPILER_APPICON_NAME = AppIcon;
				ASSETCATALOG_COMPILER_LAUNCHIMAGE_NAME = LaunchImage;
				FRAMEWORK_SEARCH_PATHS = (
					"$(inherited)",
					"$(DEVELOPER_FRAMEWORKS_DIR)",
					"$(PROJECT_DIR)",
					/Users/viktordenic/Desktop,
				);
				GCC_PRECOMPILE_PREFIX_HEADER = YES;
				GCC_PREFIX_HEADER = "Coppd/Coppd-Prefix.pch";
				INFOPLIST_FILE = "Coppd/Coppd-Info.plist";
				PRODUCT_NAME = "$(TARGET_NAME)";
				WRAPPER_EXTENSION = app;
			};
			name = Debug;
		};
		9354DB30194686DF007D542C /* Release */ = {
			isa = XCBuildConfiguration;
			buildSettings = {
				ASSETCATALOG_COMPILER_APPICON_NAME = AppIcon;
				ASSETCATALOG_COMPILER_LAUNCHIMAGE_NAME = LaunchImage;
				FRAMEWORK_SEARCH_PATHS = (
					"$(inherited)",
					"$(DEVELOPER_FRAMEWORKS_DIR)",
					"$(PROJECT_DIR)",
					/Users/viktordenic/Desktop,
				);
				GCC_PRECOMPILE_PREFIX_HEADER = YES;
				GCC_PREFIX_HEADER = "Coppd/Coppd-Prefix.pch";
				INFOPLIST_FILE = "Coppd/Coppd-Info.plist";
				PRODUCT_NAME = "$(TARGET_NAME)";
				WRAPPER_EXTENSION = app;
			};
			name = Release;
		};
/* End XCBuildConfiguration section */

/* Begin XCConfigurationList section */
		9354DAF7194686DF007D542C /* Build configuration list for PBXProject "Coppd" */ = {
			isa = XCConfigurationList;
			buildConfigurations = (
				9354DB2C194686DF007D542C /* Debug */,
				9354DB2D194686DF007D542C /* Release */,
			);
			defaultConfigurationIsVisible = 0;
			defaultConfigurationName = Release;
		};
		9354DB2E194686DF007D542C /* Build configuration list for PBXNativeTarget "Coppd" */ = {
			isa = XCConfigurationList;
			buildConfigurations = (
				9354DB2F194686DF007D542C /* Debug */,
				9354DB30194686DF007D542C /* Release */,
			);
			defaultConfigurationIsVisible = 0;
			defaultConfigurationName = Release;
		};
/* End XCConfigurationList section */
	};
	rootObject = 9354DAF4194686DF007D542C /* Project object */;
}
